
Microsoft Visual Studio Solution File, Format Version 12.00
# Visual Studio Version 16
VisualStudioVersion = 16.0.29519.181
MinimumVisualStudioVersion = 10.0.40219.1
Project("{FAE04EC0-301F-11D3-BF4B-00C04F79EFBC}") = "book", "book\book.csproj", "{950C390D-E284-42E5-8926-343778F52D2A}"
EndProject
Global
	GlobalSection(SolutionConfigurationPlatforms) = preSolution
		Debug|Any CPU = Debug|Any CPU
		Release|Any CPU = Release|Any CPU
	EndGlobalSection
	GlobalSection(ProjectConfigurationPlatforms) = postSolution
		{950C390D-E284-42E5-8926-343778F52D2A}.Debug|Any CPU.ActiveCfg = Debug|Any CPU
		{950C390D-E284-42E5-8926-343778F52D2A}.Debug|Any CPU.Build.0 = Debug|Any CPU
		{950C390D-E284-42E5-8926-343778F52D2A}.Release|Any CPU.ActiveCfg = Release|Any CPU
		{950C390D-E284-42E5-8926-343778F52D2A}.Release|Any CPU.Build.0 = Release|Any CPU
	EndGlobalSection
	GlobalSection(SolutionProperties) = preSolution
		HideSolutionNode = FALSE
	EndGlobalSection
	GlobalSection(ExtensibilityGlobals) = postSolution
		SolutionGuid = {11E2BE84-48C0-4E30-8A91-0F3DC1A54E82}
	EndGlobalSection
EndGlobal
